
Microsoft Visual Studio Solution File, Format Version 12.00
# Visual Studio Version 17
VisualStudioVersion = 17.3.32825.248
MinimumVisualStudioVersion = 10.0.40219.1
Project("{FAE04EC0-301F-11D3-BF4B-00C04F79EFBC}") = "wpf1.1", "wpf1.1.csproj", "{99A86AB4-928D-4EB9-85B6-4473C08A3E88}"
EndProject
Global
	GlobalSection(SolutionConfigurationPlatforms) = preSolution
		Debug|Any CPU = Debug|Any CPU
		Release|Any CPU = Release|Any CPU
	EndGlobalSection
	GlobalSection(ProjectConfigurationPlatforms) = postSolution
		{99A86AB4-928D-4EB9-85B6-4473C08A3E88}.Debug|Any CPU.ActiveCfg = Debug|Any CPU
		{99A86AB4-928D-4EB9-85B6-4473C08A3E88}.Debug|Any CPU.Build.0 = Debug|Any CPU
		{99A86AB4-928D-4EB9-85B6-4473C08A3E88}.Release|Any CPU.ActiveCfg = Release|Any CPU
		{99A86AB4-928D-4EB9-85B6-4473C08A3E88}.Release|Any CPU.Build.0 = Release|Any CPU
	EndGlobalSection
	GlobalSection(SolutionProperties) = preSolution
		HideSolutionNode = FALSE
	EndGlobalSection
	GlobalSection(ExtensibilityGlobals) = postSolution
		SolutionGuid = {76AC2805-A125-4AEC-928C-353DA01A1E26}
	EndGlobalSection
EndGlobal
